
Microsoft Visual Studio Solution File, Format Version 12.00
# Visual Studio 14
VisualStudioVersion = 14.0.24720.0
MinimumVisualStudioVersion = 10.0.40219.1
Project("{FAE04EC0-301F-11D3-BF4B-00C04F79EFBC}") = "Demo.WebApi", "Demo.RestfullService\Demo.WebApi.csproj", "{71A41165-1BD7-4140-9445-73BD0F05AF6B}"
EndProject
Project("{FAE04EC0-301F-11D3-BF4B-00C04F79EFBC}") = "Demo.UnityResolver", "UnityResolver\Demo.UnityResolver.csproj", "{11DEF682-93A3-4276-8074-3816FEDB51AA}"
EndProject
Project("{FAE04EC0-301F-11D3-BF4B-00C04F79EFBC}") = "Demo.BusinessEntities", "Demo.BusinessEntities\Demo.BusinessEntities.csproj", "{8C43D5A7-E0D2-4D06-9B27-B46DF65D1291}"
EndProject
Project("{FAE04EC0-301F-11D3-BF4B-00C04F79EFBC}") = "Demo.Common", "Demo.Common\Demo.Common.csproj", "{D52E9A18-49B6-4514-AA23-F07A736BCD67}"
EndProject
Project("{FAE04EC0-301F-11D3-BF4B-00C04F79EFBC}") = "Demo.BusinessServices", "Demo.BusinessServices\Demo.BusinessServices.csproj", "{E6CB1D95-7A4F-4C8D-8944-3E459C1CCC65}"
EndProject
Project("{FAE04EC0-301F-11D3-BF4B-00C04F79EFBC}") = "Demo.DataModel", "Demo.DataModel\Demo.DataModel.csproj", "{AB738861-D4A6-4990-B7D5-BD9E1E4462D0}"
EndProject
Global
	GlobalSection(SolutionConfigurationPlatforms) = preSolution
		Debug|Any CPU = Debug|Any CPU
		Release|Any CPU = Release|Any CPU
	EndGlobalSection
	GlobalSection(ProjectConfigurationPlatforms) = postSolution
		{71A41165-1BD7-4140-9445-73BD0F05AF6B}.Debug|Any CPU.ActiveCfg = Debug|Any CPU
		{71A41165-1BD7-4140-9445-73BD0F05AF6B}.Debug|Any CPU.Build.0 = Debug|Any CPU
		{71A41165-1BD7-4140-9445-73BD0F05AF6B}.Release|Any CPU.ActiveCfg = Release|Any CPU
		{71A41165-1BD7-4140-9445-73BD0F05AF6B}.Release|Any CPU.Build.0 = Release|Any CPU
		{11DEF682-93A3-4276-8074-3816FEDB51AA}.Debug|Any CPU.ActiveCfg = Debug|Any CPU
		{11DEF682-93A3-4276-8074-3816FEDB51AA}.Debug|Any CPU.Build.0 = Debug|Any CPU
		{11DEF682-93A3-4276-8074-3816FEDB51AA}.Release|Any CPU.ActiveCfg = Release|Any CPU
		{11DEF682-93A3-4276-8074-3816FEDB51AA}.Release|Any CPU.Build.0 = Release|Any CPU
		{8C43D5A7-E0D2-4D06-9B27-B46DF65D1291}.Debug|Any CPU.ActiveCfg = Debug|Any CPU
		{8C43D5A7-E0D2-4D06-9B27-B46DF65D1291}.Debug|Any CPU.Build.0 = Debug|Any CPU
		{8C43D5A7-E0D2-4D06-9B27-B46DF65D1291}.Release|Any CPU.ActiveCfg = Release|Any CPU
		{8C43D5A7-E0D2-4D06-9B27-B46DF65D1291}.Release|Any CPU.Build.0 = Release|Any CPU
		{D52E9A18-49B6-4514-AA23-F07A736BCD67}.Debug|Any CPU.ActiveCfg = Debug|Any CPU
		{D52E9A18-49B6-4514-AA23-F07A736BCD67}.Debug|Any CPU.Build.0 = Debug|Any CPU
		{D52E9A18-49B6-4514-AA23-F07A736BCD67}.Release|Any CPU.ActiveCfg = Release|Any CPU
		{D52E9A18-49B6-4514-AA23-F07A736BCD67}.Release|Any CPU.Build.0 = Release|Any CPU
		{E6CB1D95-7A4F-4C8D-8944-3E459C1CCC65}.Debug|Any CPU.ActiveCfg = Debug|Any CPU
		{E6CB1D95-7A4F-4C8D-8944-3E459C1CCC65}.Debug|Any CPU.Build.0 = Debug|Any CPU
		{E6CB1D95-7A4F-4C8D-8944-3E459C1CCC65}.Release|Any CPU.ActiveCfg = Release|Any CPU
		{E6CB1D95-7A4F-4C8D-8944-3E459C1CCC65}.Release|Any CPU.Build.0 = Release|Any CPU
		{AB738861-D4A6-4990-B7D5-BD9E1E4462D0}.Debug|Any CPU.ActiveCfg = Debug|Any CPU
		{AB738861-D4A6-4990-B7D5-BD9E1E4462D0}.Debug|Any CPU.Build.0 = Debug|Any CPU
		{AB738861-D4A6-4990-B7D5-BD9E1E4462D0}.Release|Any CPU.ActiveCfg = Release|Any CPU
		{AB738861-D4A6-4990-B7D5-BD9E1E4462D0}.Release|Any CPU.Build.0 = Release|Any CPU
	EndGlobalSection
	GlobalSection(SolutionProperties) = preSolution
		HideSolutionNode = FALSE
	EndGlobalSection
EndGlobal
